github.com/cjburchell/go-uatu v0.0.0-20181203035751-20ee84086d33 h1:wetKB5PiCqah5xUXxFguKSZ6Co3XYsLCrEbbj7gx3fA=
github.com/cjburchell/go-uatu v0.0.0-20181203035751-20ee84086d33/go.mod h1:OKlHw8ugzzn2zt1N0M4VDSOs6WYXzeJ6QO/Hxr4gilY=
github.com/cjburchell/tools-go v0.0.0-20181126150745-9a148bb98f00 h1:kYM2it0mrYMbpCmsnsqFEbdf47XT9RpzWyu/m9gBUCY=
github.com/cjburchell/tools-go v0.0.0-20181126150745-9a148bb98f00/go.mod h1:aofm7KiFub/eWlMKyrg0/3tQlQSFqAway9igbRWNAX0=
github.com/gorilla/mux v0.0.0-20181030152528-3d80bc801bb0 h1:YgBMKQ7PiC1CepcIEzovEjm4knoYycNpz/81l6rpS2s=
github.com/gorilla/mux v0.0.0-20181030152528-3d80bc801bb0/go.mod h1:1lud6UwP+6orDFRuTfBEV8e9/aOM/c4fVVCaMa2zaAs=
github.com/nats-io/go-nats v0.0.0-20181130015237-cee48fc43d6e h1:gTVm7jFgLZ9bh81Oter8katnwhj6j3dNzfFDK43vLic=
github.com/nats-io/go-nats v0.0.0-20181130015237-cee48fc43d6e/go.mod h1:+t7RHT5ApZebkrQdnn6AhQJmhJJiKAvJUio1PiiCtj0=
github.com/nats-io/nkeys v0.0.1 h1:D8diORXpjJEBxbDeeBtr4+drc4Ydzf4THJDVamDbd/g=
github.com/nats-io/nkeys v0.0.1/go.mod h1:/5AG7AMgoe6jJRxS8l8qz974c6zxp5ApcV7VkXwSciY=
github.com/nats-io/nuid v0.0.0-20180712044959-3024a71c3cbe h1:2nFZc8mo/vXfkJX5mTrTUUhHt6mIHwDoamuqIs3U1jU=
github.com/nats-io/nuid v0.0.0-20180712044959-3024a71c3cbe/go.mod h1:19wcPz3Ph3q0Jbyiqsd0kePYG7A95tJPxeL+1OSON2c=
github.com/pkg/errors v0.0.0-20181023235946-059132a15dd0 h1:R+lX9nKwNd1n7UE5SQAyoorREvRn3aLF6ZndXBoIWqY=
github.com/pkg/errors v0.0.0-20181023235946-059132a15dd0/go.mod h1:bwawxfHBFNV+L2hUp1rHADufV3IMtnDRdf1r5NINEl0=
golang.org/x/crypto v0.0.0-20181203042331-505ab145d0a9 h1:mKdxBk7AujPs8kU4m80U72y/zjbZ3UcXC7dClwKbUI0=
golang.org/x/crypto v0.0.0-20181203042331-505ab145d0a9/go.mod h1:6SG95UA2DQfeDnfUPMdvaQW0Q7yPrPDi9nlGo2tz2b4=
gopkg.in/mgo.v2 v2.0.0-20180705113604-9856a29383ce h1:xcEWjVhvbDy+nHP67nPDDpbYrY+ILlfndk4bRioVHaU=
gopkg.in/mgo.v2 v2.0.0-20180705113604-9856a29383ce/go.mod h1:yeKp02qBN3iKW1OzL3MGk2IdtZzaj7SFntXj72NppTA=
